
Microsoft Visual Studio Solution File, Format Version 11.00
# Visual Studio 2010
Project("{FAE04EC0-301F-11D3-BF4B-00C04F79EFBC}") = "Timewave.BizTalkUnit.Sample", "Timewave.BizUnit.Sample\Timewave.BizTalkUnit.Sample.btproj", "{00B6B9FB-AB83-42E8-BF5E-615D1FBC9F1B}"
EndProject
Project("{FAE04EC0-301F-11D3-BF4B-00C04F79EFBC}") = "Timewave.BizTalkUnit.Sample.Tests", "Timewave.BizUnit.Sample.Tests\Timewave.BizTalkUnit.Sample.Tests.csproj", "{CFE501E6-C339-4D5C-9371-9C9D32101DCA}"
EndProject
Project("{2150E333-8FDC-42A3-9474-1A3956D46DE8}") = "Solution Items", "Solution Items", "{6C231567-3943-4900-AD04-54529B4B67D2}"
	ProjectSection(SolutionItems) = preProject
		Local.testsettings = Local.testsettings
		Timewave.BizUnit.Sample.vsmdi = Timewave.BizUnit.Sample.vsmdi
		TraceAndTestImpact.testsettings = TraceAndTestImpact.testsettings
	EndProjectSection
EndProject
Global
	GlobalSection(TestCaseManagementSettings) = postSolution
		CategoryFile = Timewave.BizUnit.Sample.vsmdi
	EndGlobalSection
	GlobalSection(SolutionConfigurationPlatforms) = preSolution
		Debug|Any CPU = Debug|Any CPU
		Release|Any CPU = Release|Any CPU
	EndGlobalSection
	GlobalSection(ProjectConfigurationPlatforms) = postSolution
		{00B6B9FB-AB83-42E8-BF5E-615D1FBC9F1B}.Debug|Any CPU.ActiveCfg = Debug|Any CPU
		{00B6B9FB-AB83-42E8-BF5E-615D1FBC9F1B}.Debug|Any CPU.Build.0 = Debug|Any CPU
		{00B6B9FB-AB83-42E8-BF5E-615D1FBC9F1B}.Debug|Any CPU.Deploy.0 = Debug|Any CPU
		{00B6B9FB-AB83-42E8-BF5E-615D1FBC9F1B}.Release|Any CPU.ActiveCfg = Release|Any CPU
		{00B6B9FB-AB83-42E8-BF5E-615D1FBC9F1B}.Release|Any CPU.Build.0 = Release|Any CPU
		{00B6B9FB-AB83-42E8-BF5E-615D1FBC9F1B}.Release|Any CPU.Deploy.0 = Release|Any CPU
		{CFE501E6-C339-4D5C-9371-9C9D32101DCA}.Debug|Any CPU.ActiveCfg = Debug|Any CPU
		{CFE501E6-C339-4D5C-9371-9C9D32101DCA}.Debug|Any CPU.Build.0 = Debug|Any CPU
		{CFE501E6-C339-4D5C-9371-9C9D32101DCA}.Release|Any CPU.ActiveCfg = Release|Any CPU
		{CFE501E6-C339-4D5C-9371-9C9D32101DCA}.Release|Any CPU.Build.0 = Release|Any CPU
	EndGlobalSection
	GlobalSection(SolutionProperties) = preSolution
		HideSolutionNode = FALSE
	EndGlobalSection
EndGlobal
